// !$*UTF8*$!
{
	archiveVersion = 1;
	classes = {
	};
	objectVersion = 50;
	objects = {

/* Begin PBXBuildFile section */
		4D7A646024DB1BE1004342C0 /* AppDelegate.swift in Sources */ = {isa = PBXBuildFile; fileRef = 4D7A645F24DB1BE1004342C0 /* AppDelegate.swift */; };
		4D7A646224DB1BE1004342C0 /* SceneDelegate.swift in Sources */ = {isa = PBXBuildFile; fileRef = 4D7A646124DB1BE1004342C0 /* SceneDelegate.swift */; };
		4D7A646624DB1BE4004342C0 /* Assets.xcassets in Resources */ = {isa = PBXBuildFile; fileRef = 4D7A646524DB1BE4004342C0 /* Assets.xcassets */; };
		4D7A646924DB1BE4004342C0 /* Preview Assets.xcassets in Resources */ = {isa = PBXBuildFile; fileRef = 4D7A646824DB1BE4004342C0 /* Preview Assets.xcassets */; };
		4D7A646C24DB1BE4004342C0 /* LaunchScreen.storyboard in Resources */ = {isa = PBXBuildFile; fileRef = 4D7A646A24DB1BE4004342C0 /* LaunchScreen.storyboard */; };
		4D7A648224DB1C00004342C0 /* Game.swift in Sources */ = {isa = PBXBuildFile; fileRef = 4D7A648124DB1C00004342C0 /* Game.swift */; };
		4D7A648424DB3E80004342C0 /* Board.swift in Sources */ = {isa = PBXBuildFile; fileRef = 4D7A648324DB3E80004342C0 /* Board.swift */; };
		4D7A648A24DB6F3A004342C0 /* ZobritHash.swift in Sources */ = {isa = PBXBuildFile; fileRef = 4D7A648924DB6F3A004342C0 /* ZobritHash.swift */; };
		4D7A648C24DBF916004342C0 /* Block.swift in Sources */ = {isa = PBXBuildFile; fileRef = 4D7A648B24DBF916004342C0 /* Block.swift */; };
		4D7A648E24DBF932004342C0 /* Size.swift in Sources */ = {isa = PBXBuildFile; fileRef = 4D7A648D24DBF932004342C0 /* Size.swift */; };
		4D7A649024DBF947004342C0 /* Position.swift in Sources */ = {isa = PBXBuildFile; fileRef = 4D7A648F24DBF947004342C0 /* Position.swift */; };
		4D7A649224DBF95D004342C0 /* Move.swift in Sources */ = {isa = PBXBuildFile; fileRef = 4D7A649124DBF95D004342C0 /* Move.swift */; };
		4D7A649524DBF9BB004342C0 /* Solver.swift in Sources */ = {isa = PBXBuildFile; fileRef = 4D7A649424DBF9BB004342C0 /* Solver.swift */; };
		4D7A649924DD8178004342C0 /* BlockView.swift in Sources */ = {isa = PBXBuildFile; fileRef = 4D7A649824DD8178004342C0 /* BlockView.swift */; };
		4D7A649B24DD8426004342C0 /* BoardView.swift in Sources */ = {isa = PBXBuildFile; fileRef = 4D7A649A24DD8426004342C0 /* BoardView.swift */; };
		4D7A649D24DD921A004342C0 /* GameView.swift in Sources */ = {isa = PBXBuildFile; fileRef = 4D7A649C24DD921A004342C0 /* GameView.swift */; };
		4D7A649E24DD9736004342C0 /* GameState.swift in Sources */ = {isa = PBXBuildFile; fileRef = 4D7A648524DB4882004342C0 /* GameState.swift */; };
		4DFA35BF24DF07ED00F83EBD /* SortedArray.swift in Sources */ = {isa = PBXBuildFile; fileRef = 4DFA35BE24DF07ED00F83EBD /* SortedArray.swift */; };
		4DFA35C424DF27A300F83EBD /* Node.swift in Sources */ = {isa = PBXBuildFile; fileRef = 4DFA35C324DF27A300F83EBD /* Node.swift */; };
		4DFA35C924E0071700F83EBD /* GameListView.swift in Sources */ = {isa = PBXBuildFile; fileRef = 4DFA35C824E0071700F83EBD /* GameListView.swift */; };
		4DFA35CB24E05B4E00F83EBD /* GameStateTests.swift in Sources */ = {isa = PBXBuildFile; fileRef = 4DFA35CA24E05B4E00F83EBD /* GameStateTests.swift */; };
		4DFA35CD24E05D1800F83EBD /* BlocksMoveSolverTests.swift in Sources */ = {isa = PBXBuildFile; fileRef = 4DFA35CC24E05D1800F83EBD /* BlocksMoveSolverTests.swift */; };
		4DFA35CF24E061C400F83EBD /* ZobritHashTests.swift in Sources */ = {isa = PBXBuildFile; fileRef = 4DFA35CE24E061C400F83EBD /* ZobritHashTests.swift */; };
		4DFA35D124E0624D00F83EBD /* GameTests.swift in Sources */ = {isa = PBXBuildFile; fileRef = 4DFA35D024E0624D00F83EBD /* GameTests.swift */; };
		4DFA35D324E0637000F83EBD /* BoardTests.swift in Sources */ = {isa = PBXBuildFile; fileRef = 4DFA35D224E0637000F83EBD /* BoardTests.swift */; };
/* End PBXBuildFile section */

/* Begin PBXContainerItemProxy section */
		4D7A647324DB1BE5004342C0 /* PBXContainerItemProxy */ = {
			isa = PBXContainerItemProxy;
			containerPortal = 4D7A645424DB1BE1004342C0 /* Project object */;
			proxyType = 1;
			remoteGlobalIDString = 4D7A645B24DB1BE1004342C0;
			remoteInfo = BlocksSolver;
		};
/* End PBXContainerItemProxy section */

/* Begin PBXFileReference section */
		4D7A645C24DB1BE1004342C0 /* BlocksSolver.app */ = {isa = PBXFileReference; explicitFileType = wrapper.application; includeInIndex = 0; path = BlocksSolver.app; sourceTree = BUILT_PRODUCTS_DIR; };
		4D7A645F24DB1BE1004342C0 /* AppDelegate.swift */ = {isa = PBXFileReference; lastKnownFileType = sourcecode.swift; path = AppDelegate.swift; sourceTree = "<group>"; };
		4D7A646124DB1BE1004342C0 /* SceneDelegate.swift */ = {isa = PBXFileReference; lastKnownFileType = sourcecode.swift; path = SceneDelegate.swift; sourceTree = "<group>"; };
		4D7A646524DB1BE4004342C0 /* Assets.xcassets */ = {isa = PBXFileReference; lastKnownFileType = folder.assetcatalog; path = Assets.xcassets; sourceTree = "<group>"; };
		4D7A646824DB1BE4004342C0 /* Preview Assets.xcassets */ = {isa = PBXFileReference; lastKnownFileType = folder.assetcatalog; path = "Preview Assets.xcassets"; sourceTree = "<group>"; };
		4D7A646B24DB1BE4004342C0 /* Base */ = {isa = PBXFileReference; lastKnownFileType = file.storyboard; name = Base; path = Base.lproj/LaunchScreen.storyboard; sourceTree = "<group>"; };
		4D7A646D24DB1BE4004342C0 /* Info.plist */ = {isa = PBXFileReference; lastKnownFileType = text.plist.xml; path = Info.plist; sourceTree = "<group>"; };
		4D7A647224DB1BE5004342C0 /* BlocksSolverTests.xctest */ = {isa = PBXFileReference; explicitFileType = wrapper.cfbundle; includeInIndex = 0; path = BlocksSolverTests.xctest; sourceTree = BUILT_PRODUCTS_DIR; };
		4D7A647824DB1BE5004342C0 /* Info.plist */ = {isa = PBXFileReference; lastKnownFileType = text.plist.xml; path = Info.plist; sourceTree = "<group>"; };
		4D7A648124DB1C00004342C0 /* Game.swift */ = {isa = PBXFileReference; lastKnownFileType = sourcecode.swift; path = Game.swift; sourceTree = "<group>"; };
		4D7A648324DB3E80004342C0 /* Board.swift */ = {isa = PBXFileReference; lastKnownFileType = sourcecode.swift; path = Board.swift; sourceTree = "<group>"; };
		4D7A648524DB4882004342C0 /* GameState.swift */ = {isa = PBXFileReference; lastKnownFileType = sourcecode.swift; path = GameState.swift; sourceTree = "<group>"; };
		4D7A648924DB6F3A004342C0 /* ZobritHash.swift */ = {isa = PBXFileReference; lastKnownFileType = sourcecode.swift; path = ZobritHash.swift; sourceTree = "<group>"; };
		4D7A648B24DBF916004342C0 /* Block.swift */ = {isa = PBXFileReference; lastKnownFileType = sourcecode.swift; path = Block.swift; sourceTree = "<group>"; };
		4D7A648D24DBF932004342C0 /* Size.swift */ = {isa = PBXFileReference; lastKnownFileType = sourcecode.swift; path = Size.swift; sourceTree = "<group>"; };
		4D7A648F24DBF947004342C0 /* Position.swift */ = {isa = PBXFileReference; lastKnownFileType = sourcecode.swift; path = Position.swift; sourceTree = "<group>"; };
		4D7A649124DBF95D004342C0 /* Move.swift */ = {isa = PBXFileReference; lastKnownFileType = sourcecode.swift; path = Move.swift; sourceTree = "<group>"; };
		4D7A649424DBF9BB004342C0 /* Solver.swift */ = {isa = PBXFileReference; lastKnownFileType = sourcecode.swift; path = Solver.swift; sourceTree = "<group>"; };
		4D7A649824DD8178004342C0 /* BlockView.swift */ = {isa = PBXFileReference; lastKnownFileType = sourcecode.swift; path = BlockView.swift; sourceTree = "<group>"; };
		4D7A649A24DD8426004342C0 /* BoardView.swift */ = {isa = PBXFileReference; lastKnownFileType = sourcecode.swift; path = BoardView.swift; sourceTree = "<group>"; };
		4D7A649C24DD921A004342C0 /* GameView.swift */ = {isa = PBXFileReference; lastKnownFileType = sourcecode.swift; path = GameView.swift; sourceTree = "<group>"; };
		4DFA35BE24DF07ED00F83EBD /* SortedArray.swift */ = {isa = PBXFileReference; fileEncoding = 4; lastKnownFileType = sourcecode.swift; path = SortedArray.swift; sourceTree = "<group>"; };
		4DFA35C324DF27A300F83EBD /* Node.swift */ = {isa = PBXFileReference; lastKnownFileType = sourcecode.swift; path = Node.swift; sourceTree = "<group>"; };
		4DFA35C824E0071700F83EBD /* GameListView.swift */ = {isa = PBXFileReference; lastKnownFileType = sourcecode.swift; path = GameListView.swift; sourceTree = "<group>"; };
		4DFA35CA24E05B4E00F83EBD /* GameStateTests.swift */ = {isa = PBXFileReference; lastKnownFileType = sourcecode.swift; path = GameStateTests.swift; sourceTree = "<group>"; };
		4DFA35CC24E05D1800F83EBD /* BlocksMoveSolverTests.swift */ = {isa = PBXFileReference; lastKnownFileType = sourcecode.swift; path = BlocksMoveSolverTests.swift; sourceTree = "<group>"; };
		4DFA35CE24E061C400F83EBD /* ZobritHashTests.swift */ = {isa = PBXFileReference; lastKnownFileType = sourcecode.swift; path = ZobritHashTests.swift; sourceTree = "<group>"; };
		4DFA35D024E0624D00F83EBD /* GameTests.swift */ = {isa = PBXFileReference; lastKnownFileType = sourcecode.swift; path = GameTests.swift; sourceTree = "<group>"; };
		4DFA35D224E0637000F83EBD /* BoardTests.swift */ = {isa = PBXFileReference; lastKnownFileType = sourcecode.swift; path = BoardTests.swift; sourceTree = "<group>"; };
/* End PBXFileReference section */

/* Begin PBXFrameworksBuildPhase section */
		4D7A645924DB1BE1004342C0 /* Frameworks */ = {
			isa = PBXFrameworksBuildPhase;
			buildActionMask = 2147483647;
			files = (
			);
			runOnlyForDeploymentPostprocessing = 0;
		};
		4D7A646F24DB1BE5004342C0 /* Frameworks */ = {
			isa = PBXFrameworksBuildPhase;
			buildActionMask = 2147483647;
			files = (
			);
			runOnlyForDeploymentPostprocessing = 0;
		};
/* End PBXFrameworksBuildPhase section */

/* Begin PBXGroup section */
		4D7A645324DB1BE1004342C0 = {
			isa = PBXGroup;
			children = (
				4D7A645E24DB1BE1004342C0 /* BlocksSolver */,
				4D7A647524DB1BE5004342C0 /* BlocksSolverTests */,
				4D7A645D24DB1BE1004342C0 /* Products */,
			);
			sourceTree = "<group>";
		};
		4D7A645D24DB1BE1004342C0 /* Products */ = {
			isa = PBXGroup;
			children = (
				4D7A645C24DB1BE1004342C0 /* BlocksSolver.app */,
				4D7A647224DB1BE5004342C0 /* BlocksSolverTests.xctest */,
			);
			name = Products;
			sourceTree = "<group>";
		};
		4D7A645E24DB1BE1004342C0 /* BlocksSolver */ = {
			isa = PBXGroup;
			children = (
				4D7A645F24DB1BE1004342C0 /* AppDelegate.swift */,
				4D7A646124DB1BE1004342C0 /* SceneDelegate.swift */,
				4DFA35C824E0071700F83EBD /* GameListView.swift */,
				4D7A649C24DD921A004342C0 /* GameView.swift */,
				4D7A649A24DD8426004342C0 /* BoardView.swift */,
				4D7A649824DD8178004342C0 /* BlockView.swift */,
				4D7A649324DBF97A004342C0 /* Models */,
				4D7A646524DB1BE4004342C0 /* Assets.xcassets */,
				4D7A646A24DB1BE4004342C0 /* LaunchScreen.storyboard */,
				4D7A646D24DB1BE4004342C0 /* Info.plist */,
				4D7A646724DB1BE4004342C0 /* Preview Content */,
			);
			path = BlocksSolver;
			sourceTree = "<group>";
		};
		4D7A646724DB1BE4004342C0 /* Preview Content */ = {
			isa = PBXGroup;
			children = (
				4D7A646824DB1BE4004342C0 /* Preview Assets.xcassets */,
			);
			path = "Preview Content";
			sourceTree = "<group>";
		};
		4D7A647524DB1BE5004342C0 /* BlocksSolverTests */ = {
			isa = PBXGroup;
			children = (
				4DFA35CE24E061C400F83EBD /* ZobritHashTests.swift */,
				4DFA35CC24E05D1800F83EBD /* BlocksMoveSolverTests.swift */,
				4DFA35CA24E05B4E00F83EBD /* GameStateTests.swift */,
				4DFA35D024E0624D00F83EBD /* GameTests.swift */,
				4DFA35D224E0637000F83EBD /* BoardTests.swift */,
				4D7A647824DB1BE5004342C0 /* Info.plist */,
			);
			path = BlocksSolverTests;
			sourceTree = "<group>";
		};
		4D7A649324DBF97A004342C0 /* Models */ = {
			isa = PBXGroup;
			children = (
				4D7A648124DB1C00004342C0 /* Game.swift */,
				4D7A648324DB3E80004342C0 /* Board.swift */,
				4D7A648B24DBF916004342C0 /* Block.swift */,
				4D7A648D24DBF932004342C0 /* Size.swift */,
				4D7A648F24DBF947004342C0 /* Position.swift */,
				4D7A649124DBF95D004342C0 /* Move.swift */,
				4D7A648924DB6F3A004342C0 /* ZobritHash.swift */,
				4D7A648524DB4882004342C0 /* GameState.swift */,
				4D7A649424DBF9BB004342C0 /* Solver.swift */,
				4DFA35C524DF2CA400F83EBD /* AStarSearch */,
			);
			path = Models;
			sourceTree = "<group>";
		};
		4DFA35C524DF2CA400F83EBD /* AStarSearch */ = {
			isa = PBXGroup;
			children = (
				4DFA35BE24DF07ED00F83EBD /* SortedArray.swift */,
				4DFA35C324DF27A300F83EBD /* Node.swift */,
			);
			path = AStarSearch;
			sourceTree = "<group>";
		};
/* End PBXGroup section */

/* Begin PBXNativeTarget section */
		4D7A645B24DB1BE1004342C0 /* BlocksSolver */ = {
			isa = PBXNativeTarget;
			buildConfigurationList = 4D7A647B24DB1BE5004342C0 /* Build configuration list for PBXNativeTarget "BlocksSolver" */;
			buildPhases = (
				4D7A645824DB1BE1004342C0 /* Sources */,
				4D7A645924DB1BE1004342C0 /* Frameworks */,
				4D7A645A24DB1BE1004342C0 /* Resources */,
			);
			buildRules = (
			);
			dependencies = (
			);
			name = BlocksSolver;
			productName = BlocksSolver;
			productReference = 4D7A645C24DB1BE1004342C0 /* BlocksSolver.app */;
			productType = "com.apple.product-type.application";
		};
		4D7A647124DB1BE5004342C0 /* BlocksSolverTests */ = {
			isa = PBXNativeTarget;
			buildConfigurationList = 4D7A647E24DB1BE5004342C0 /* Build configuration list for PBXNativeTarget "BlocksSolverTests" */;
			buildPhases = (
				4D7A646E24DB1BE5004342C0 /* Sources */,
				4D7A646F24DB1BE5004342C0 /* Frameworks */,
				4D7A647024DB1BE5004342C0 /* Resources */,
			);
			buildRules = (
			);
			dependencies = (
				4D7A647424DB1BE5004342C0 /* PBXTargetDependency */,
			);
			name = BlocksSolverTests;
			productName = BlocksSolverTests;
			productReference = 4D7A647224DB1BE5004342C0 /* BlocksSolverTests.xctest */;
			productType = "com.apple.product-type.bundle.unit-test";
		};
/* End PBXNativeTarget section */

/* Begin PBXProject section */
		4D7A645424DB1BE1004342C0 /* Project object */ = {
			isa = PBXProject;
			attributes = {
				LastSwiftUpdateCheck = 1150;
				LastUpgradeCheck = 1150;
				ORGANIZATIONNAME = Suvarnasoft;
				TargetAttributes = {
					4D7A645B24DB1BE1004342C0 = {
						CreatedOnToolsVersion = 11.5;
					};
					4D7A647124DB1BE5004342C0 = {
						CreatedOnToolsVersion = 11.5;
						TestTargetID = 4D7A645B24DB1BE1004342C0;
					};
				};
			};
			buildConfigurationList = 4D7A645724DB1BE1004342C0 /* Build configuration list for PBXProject "BlocksSolver" */;
			compatibilityVersion = "Xcode 9.3";
			developmentRegion = en;
			hasScannedForEncodings = 0;
			knownRegions = (
				en,
				Base,
			);
			mainGroup = 4D7A645324DB1BE1004342C0;
			productRefGroup = 4D7A645D24DB1BE1004342C0 /* Products */;
			projectDirPath = "";
			projectRoot = "";
			targets = (
				4D7A645B24DB1BE1004342C0 /* BlocksSolver */,
				4D7A647124DB1BE5004342C0 /* BlocksSolverTests */,
			);
		};
/* End PBXProject section */

/* Begin PBXResourcesBuildPhase section */
		4D7A645A24DB1BE1004342C0 /* Resources */ = {
			isa = PBXResourcesBuildPhase;
			buildActionMask = 2147483647;
			files = (
				4D7A646C24DB1BE4004342C0 /* LaunchScreen.storyboard in Resources */,
				4D7A646924DB1BE4004342C0 /* Preview Assets.xcassets in Resources */,
				4D7A646624DB1BE4004342C0 /* Assets.xcassets in Resources */,
			);
			runOnlyForDeploymentPostprocessing = 0;
		};
		4D7A647024DB1BE5004342C0 /* Resources */ = {
			isa = PBXResourcesBuildPhase;
			buildActionMask = 2147483647;
			files = (
			);
			runOnlyForDeploymentPostprocessing = 0;
		};
/* End PBXResourcesBuildPhase section */

/* Begin PBXSourcesBuildPhase section */
		4D7A645824DB1BE1004342C0 /* Sources */ = {
			isa = PBXSourcesBuildPhase;
			buildActionMask = 2147483647;
			files = (
				4D7A648A24DB6F3A004342C0 /* ZobritHash.swift in Sources */,
				4D7A648C24DBF916004342C0 /* Block.swift in Sources */,
				4D7A649524DBF9BB004342C0 /* Solver.swift in Sources */,
				4D7A649924DD8178004342C0 /* BlockView.swift in Sources */,
				4DFA35BF24DF07ED00F83EBD /* SortedArray.swift in Sources */,
				4D7A649D24DD921A004342C0 /* GameView.swift in Sources */,
				4D7A646024DB1BE1004342C0 /* AppDelegate.swift in Sources */,
				4D7A646224DB1BE1004342C0 /* SceneDelegate.swift in Sources */,
				4D7A648E24DBF932004342C0 /* Size.swift in Sources */,
				4D7A649B24DD8426004342C0 /* BoardView.swift in Sources */,
				4D7A648424DB3E80004342C0 /* Board.swift in Sources */,
				4DFA35C924E0071700F83EBD /* GameListView.swift in Sources */,
				4DFA35C424DF27A300F83EBD /* Node.swift in Sources */,
				4D7A648224DB1C00004342C0 /* Game.swift in Sources */,
				4D7A649E24DD9736004342C0 /* GameState.swift in Sources */,
				4D7A649024DBF947004342C0 /* Position.swift in Sources */,
				4D7A649224DBF95D004342C0 /* Move.swift in Sources */,
			);
			runOnlyForDeploymentPostprocessing = 0;
		};
		4D7A646E24DB1BE5004342C0 /* Sources */ = {
			isa = PBXSourcesBuildPhase;
			buildActionMask = 2147483647;
			files = (
				4DFA35CF24E061C400F83EBD /* ZobritHashTests.swift in Sources */,
				4DFA35D324E0637000F83EBD /* BoardTests.swift in Sources */,
				4DFA35CD24E05D1800F83EBD /* BlocksMoveSolverTests.swift in Sources */,
				4DFA35CB24E05B4E00F83EBD /* GameStateTests.swift in Sources */,
				4DFA35D124E0624D00F83EBD /* GameTests.swift in Sources */,
			);
			runOnlyForDeploymentPostprocessing = 0;
		};
/* End PBXSourcesBuildPhase section */

/* Begin PBXTargetDependency section */
		4D7A647424DB1BE5004342C0 /* PBXTargetDependency */ = {
			isa = PBXTargetDependency;
			target = 4D7A645B24DB1BE1004342C0 /* BlocksSolver */;
			targetProxy = 4D7A647324DB1BE5004342C0 /* PBXContainerItemProxy */;
		};
/* End PBXTargetDependency section */

/* Begin PBXVariantGroup section */
		4D7A646A24DB1BE4004342C0 /* LaunchScreen.storyboard */ = {
			isa = PBXVariantGroup;
			children = (
				4D7A646B24DB1BE4004342C0 /* Base */,
			);
			name = LaunchScreen.storyboard;
			sourceTree = "<group>";
		};
/* End PBXVariantGroup section */

/* Begin XCBuildConfiguration section */
		4D7A647924DB1BE5004342C0 /* Debug */ = {
			isa = XCBuildConfiguration;
			buildSettings = {
				ALWAYS_SEARCH_USER_PATHS = NO;
				CLANG_ANALYZER_NONNULL = YES;
				CLANG_ANALYZER_NUMBER_OBJECT_CONVERSION = YES_AGGRESSIVE;
				CLANG_CXX_LANGUAGE_STANDARD = "gnu++14";
				CLANG_CXX_LIBRARY = "libc++";
				CLANG_ENABLE_MODULES = YES;
				CLANG_ENABLE_OBJC_ARC = YES;
				CLANG_ENABLE_OBJC_WEAK = YES;
				CLANG_WARN_BLOCK_CAPTURE_AUTORELEASING = YES;
				CLANG_WARN_BOOL_CONVERSION = YES;
				CLANG_WARN_COMMA = YES;
				CLANG_WARN_CONSTANT_CONVERSION = YES;
				CLANG_WARN_DEPRECATED_OBJC_IMPLEMENTATIONS = YES;
				CLANG_WARN_DIRECT_OBJC_ISA_USAGE = YES_ERROR;
				CLANG_WARN_DOCUMENTATION_COMMENTS = YES;
				CLANG_WARN_EMPTY_BODY = YES;
				CLANG_WARN_ENUM_CONVERSION = YES;
				CLANG_WARN_INFINITE_RECURSION = YES;
				CLANG_WARN_INT_CONVERSION = YES;
				CLANG_WARN_NON_LITERAL_NULL_CONVERSION = YES;
				CLANG_WARN_OBJC_IMPLICIT_RETAIN_SELF = YES;
				CLANG_WARN_OBJC_LITERAL_CONVERSION = YES;
				CLANG_WARN_OBJC_ROOT_CLASS = YES_ERROR;
				CLANG_WARN_RANGE_LOOP_ANALYSIS = YES;
				CLANG_WARN_STRICT_PROTOTYPES = YES;
				CLANG_WARN_SUSPICIOUS_MOVE = YES;
				CLANG_WARN_UNGUARDED_AVAILABILITY = YES_AGGRESSIVE;
				CLANG_WARN_UNREACHABLE_CODE = YES;
				CLANG_WARN__DUPLICATE_METHOD_MATCH = YES;
				COPY_PHASE_STRIP = NO;
				DEBUG_INFORMATION_FORMAT = dwarf;
				ENABLE_STRICT_OBJC_MSGSEND = YES;
				ENABLE_TESTABILITY = YES;
				GCC_C_LANGUAGE_STANDARD = gnu11;
				GCC_DYNAMIC_NO_PIC = NO;
				GCC_NO_COMMON_BLOCKS = YES;
				GCC_OPTIMIZATION_LEVEL = 0;
				GCC_PREPROCESSOR_DEFINITIONS = (
					"DEBUG=1",
					"$(inherited)",
				);
				GCC_WARN_64_TO_32_BIT_CONVERSION = YES;
				GCC_WARN_ABOUT_RETURN_TYPE = YES_ERROR;
				GCC_WARN_UNDECLARED_SELECTOR = YES;
				GCC_WARN_UNINITIALIZED_AUTOS = YES_AGGRESSIVE;
				GCC_WARN_UNUSED_FUNCTION = YES;
				GCC_WARN_UNUSED_VARIABLE = YES;
				IPHONEOS_DEPLOYMENT_TARGET = 13.5;
				MTL_ENABLE_DEBUG_INFO = INCLUDE_SOURCE;
				MTL_FAST_MATH = YES;
				ONLY_ACTIVE_ARCH = YES;
				SDKROOT = iphoneos;
				SWIFT_ACTIVE_COMPILATION_CONDITIONS = DEBUG;
				SWIFT_OPTIMIZATION_LEVEL = "-Onone";
			};
			name = Debug;
		};
		4D7A647A24DB1BE5004342C0 /* Release */ = {
			isa = XCBuildConfiguration;
			buildSettings = {
				ALWAYS_SEARCH_USER_PATHS = NO;
				CLANG_ANALYZER_NONNULL = YES;
				CLANG_ANALYZER_NUMBER_OBJECT_CONVERSION = YES_AGGRESSIVE;
				CLANG_CXX_LANGUAGE_STANDARD = "gnu++14";
				CLANG_CXX_LIBRARY = "libc++";
				CLANG_ENABLE_MODULES = YES;
				CLANG_ENABLE_OBJC_ARC = YES;
				CLANG_ENABLE_OBJC_WEAK = YES;
				CLANG_WARN_BLOCK_CAPTURE_AUTORELEASING = YES;
				CLANG_WARN_BOOL_CONVERSION = YES;
				CLANG_WARN_COMMA = YES;
				CLANG_WARN_CONSTANT_CONVERSION = YES;
				CLANG_WARN_DEPRECATED_OBJC_IMPLEMENTATIONS = YES;
				CLANG_WARN_DIRECT_OBJC_ISA_USAGE = YES_ERROR;
				CLANG_WARN_DOCUMENTATION_COMMENTS = YES;
				CLANG_WARN_EMPTY_BODY = YES;
				CLANG_WARN_ENUM_CONVERSION = YES;
				CLANG_WARN_INFINITE_RECURSION = YES;
				CLANG_WARN_INT_CONVERSION = YES;
				CLANG_WARN_NON_LITERAL_NULL_CONVERSION = YES;
				CLANG_WARN_OBJC_IMPLICIT_RETAIN_SELF = YES;
				CLANG_WARN_OBJC_LITERAL_CONVERSION = YES;
				CLANG_WARN_OBJC_ROOT_CLASS = YES_ERROR;
				CLANG_WARN_RANGE_LOOP_ANALYSIS = YES;
				CLANG_WARN_STRICT_PROTOTYPES = YES;
				CLANG_WARN_SUSPICIOUS_MOVE = YES;
				CLANG_WARN_UNGUARDED_AVAILABILITY = YES_AGGRESSIVE;
				CLANG_WARN_UNREACHABLE_CODE = YES;
				CLANG_WARN__DUPLICATE_METHOD_MATCH = YES;
				COPY_PHASE_STRIP = NO;
				DEBUG_INFORMATION_FORMAT = "dwarf-with-dsym";
				ENABLE_NS_ASSERTIONS = NO;
				ENABLE_STRICT_OBJC_MSGSEND = YES;
				GCC_C_LANGUAGE_STANDARD = gnu11;
				GCC_NO_COMMON_BLOCKS = YES;
				GCC_WARN_64_TO_32_BIT_CONVERSION = YES;
				GCC_WARN_ABOUT_RETURN_TYPE = YES_ERROR;
				GCC_WARN_UNDECLARED_SELECTOR = YES;
				GCC_WARN_UNINITIALIZED_AUTOS = YES_AGGRESSIVE;
				GCC_WARN_UNUSED_FUNCTION = YES;
				GCC_WARN_UNUSED_VARIABLE = YES;
				IPHONEOS_DEPLOYMENT_TARGET = 13.5;
				MTL_ENABLE_DEBUG_INFO = NO;
				MTL_FAST_MATH = YES;
				SDKROOT = iphoneos;
				SWIFT_COMPILATION_MODE = wholemodule;
				SWIFT_OPTIMIZATION_LEVEL = "-O";
				VALIDATE_PRODUCT = YES;
			};
			name = Release;
		};
		4D7A647C24DB1BE5004342C0 /* Debug */ = {
			isa = XCBuildConfiguration;
			buildSettings = {
				ASSETCATALOG_COMPILER_APPICON_NAME = AppIcon;
				CODE_SIGN_STYLE = Automatic;
				DEVELOPMENT_ASSET_PATHS = "\"BlocksSolver/Preview Content\"";
				DEVELOPMENT_TEAM = KDX4722UL3;
				ENABLE_PREVIEWS = YES;
				INFOPLIST_FILE = BlocksSolver/Info.plist;
				LD_RUNPATH_SEARCH_PATHS = (
					"$(inherited)",
					"@executable_path/Frameworks",
				);
				PRODUCT_BUNDLE_IDENTIFIER = com.suvarnasoft.BlocksSolver;
				PRODUCT_NAME = "$(TARGET_NAME)";
				SWIFT_VERSION = 5.0;
				TARGETED_DEVICE_FAMILY = "1,2";
			};
			name = Debug;
		};
		4D7A647D24DB1BE5004342C0 /* Release */ = {
			isa = XCBuildConfiguration;
			buildSettings = {
				ASSETCATALOG_COMPILER_APPICON_NAME = AppIcon;
				CODE_SIGN_STYLE = Automatic;
				DEVELOPMENT_ASSET_PATHS = "\"BlocksSolver/Preview Content\"";
				DEVELOPMENT_TEAM = KDX4722UL3;
				ENABLE_PREVIEWS = YES;
				INFOPLIST_FILE = BlocksSolver/Info.plist;
				LD_RUNPATH_SEARCH_PATHS = (
					"$(inherited)",
					"@executable_path/Frameworks",
				);
				PRODUCT_BUNDLE_IDENTIFIER = com.suvarnasoft.BlocksSolver;
				PRODUCT_NAME = "$(TARGET_NAME)";
				SWIFT_VERSION = 5.0;
				TARGETED_DEVICE_FAMILY = "1,2";
			};
			name = Release;
		};
		4D7A647F24DB1BE5004342C0 /* Debug */ = {
			isa = XCBuildConfiguration;
			buildSettings = {
				ALWAYS_EMBED_SWIFT_STANDARD_LIBRARIES = YES;
				BUNDLE_LOADER = "$(TEST_HOST)";
				CODE_SIGN_STYLE = Automatic;
				DEVELOPMENT_TEAM = KDX4722UL3;
				INFOPLIST_FILE = BlocksSolverTests/Info.plist;
				IPHONEOS_DEPLOYMENT_TARGET = 13.5;
				LD_RUNPATH_SEARCH_PATHS = (
					"$(inherited)",
					"@executable_path/Frameworks",
					"@loader_path/Frameworks",
				);
				PRODUCT_BUNDLE_IDENTIFIER = com.suvarnasoft.BlocksSolverTests;
				PRODUCT_NAME = "$(TARGET_NAME)";
				SWIFT_VERSION = 5.0;
				TARGETED_DEVICE_FAMILY = "1,2";
				TEST_HOST = "$(BUILT_PRODUCTS_DIR)/BlocksSolver.app/BlocksSolver";
			};
			name = Debug;
		};
		4D7A648024DB1BE5004342C0 /* Release */ = {
			isa = XCBuildConfiguration;
			buildSettings = {
				ALWAYS_EMBED_SWIFT_STANDARD_LIBRARIES = YES;
				BUNDLE_LOADER = "$(TEST_HOST)";
				CODE_SIGN_STYLE = Automatic;
				DEVELOPMENT_TEAM = KDX4722UL3;
				INFOPLIST_FILE = BlocksSolverTests/Info.plist;
				IPHONEOS_DEPLOYMENT_TARGET = 13.5;
				LD_RUNPATH_SEARCH_PATHS = (
					"$(inherited)",
					"@executable_path/Frameworks",
					"@loader_path/Frameworks",
				);
				PRODUCT_BUNDLE_IDENTIFIER = com.suvarnasoft.BlocksSolverTests;
				PRODUCT_NAME = "$(TARGET_NAME)";
				SWIFT_VERSION = 5.0;
				TARGETED_DEVICE_FAMILY = "1,2";
				TEST_HOST = "$(BUILT_PRODUCTS_DIR)/BlocksSolver.app/BlocksSolver";
			};
			name = Release;
		};
/* End XCBuildConfiguration section */

/* Begin XCConfigurationList section */
		4D7A645724DB1BE1004342C0 /* Build configuration list for PBXProject "BlocksSolver" */ = {
			isa = XCConfigurationList;
			buildConfigurations = (
				4D7A647924DB1BE5004342C0 /* Debug */,
				4D7A647A24DB1BE5004342C0 /* Release */,
			);
			defaultConfigurationIsVisible = 0;
			defaultConfigurationName = Release;
		};
		4D7A647B24DB1BE5004342C0 /* Build configuration list for PBXNativeTarget "BlocksSolver" */ = {
			isa = XCConfigurationList;
			buildConfigurations = (
				4D7A647C24DB1BE5004342C0 /* Debug */,
				4D7A647D24DB1BE5004342C0 /* Release */,
			);
			defaultConfigurationIsVisible = 0;
			defaultConfigurationName = Release;
		};
		4D7A647E24DB1BE5004342C0 /* Build configuration list for PBXNativeTarget "BlocksSolverTests" */ = {
			isa = XCConfigurationList;
			buildConfigurations = (
				4D7A647F24DB1BE5004342C0 /* Debug */,
				4D7A648024DB1BE5004342C0 /* Release */,
			);
			defaultConfigurationIsVisible = 0;
			defaultConfigurationName = Release;
		};
/* End XCConfigurationList section */
	};
	rootObject = 4D7A645424DB1BE1004342C0 /* Project object */;
}
